# THIS IS AN AUTOGENERATED FILE. DO NOT EDIT THIS FILE DIRECTLY.
# yarn lockfile v1


"@danielbuechele/sharedb@^1.1.1":
  version "1.1.1"
  resolved "https://registry.yarnpkg.com/@danielbuechele/sharedb/-/sharedb-1.1.1.tgz#a97b917352a7506ad5081deb6390e5560270fffb"
  dependencies:
    arraydiff "^0.1.1"
    async "^1.4.2"
    deep-is "^0.1.3"
    hat "0.0.3"
    make-error "^1.1.1"
    ot-json0 "^1.0.1"

arraydiff@^0.1.1:
  version "0.1.3"
  resolved "https://registry.yarnpkg.com/arraydiff/-/arraydiff-0.1.3.tgz#86a5436d7b72f1bdda5fd6d74e8724e42f83ce4d"

async-limiter@~1.0.0:
  version "1.0.0"
  resolved "https://registry.yarnpkg.com/async-limiter/-/async-limiter-1.0.0.tgz#78faed8c3d074ab81f22b4e985d79e8738f720f8"

async@^1.4.2:
  version "1.5.2"
  resolved "https://registry.yarnpkg.com/async/-/async-1.5.2.tgz#ec6a61ae56480c0c3cb241c95618e20892f9672a"

deep-is@^0.1.3:
  version "0.1.3"
  resolved "https://registry.yarnpkg.com/deep-is/-/deep-is-0.1.3.tgz#b369d6fb5dbc13eecf524f91b070feedc357cf34"

hat@0.0.3:
  version "0.0.3"
  resolved "https://registry.yarnpkg.com/hat/-/hat-0.0.3.tgz#bb014a9e64b3788aed8005917413d4ff3d502d8a"

make-error@^1.1.1:
  version "1.3.2"
  resolved "https://registry.yarnpkg.com/make-error/-/make-error-1.3.2.tgz#8762ffad2444dd8ff1f7c819629fa28e24fea1c4"

node-fetch@^2.6.1:
  version "2.6.1"
  resolved "https://registry.yarnpkg.com/node-fetch/-/node-fetch-2.6.1.tgz#045bd323631f76ed2e2b55573394416b639a0052"

ot-json0@^1.0.1:
  version "1.0.1"
  resolved "https://registry.yarnpkg.com/ot-json0/-/ot-json0-1.0.1.tgz#3edfe7b73bd1f192c0737d332050e23515be354a"

safe-buffer@~5.1.0:
  version "5.1.1"
  resolved "https://registry.yarnpkg.com/safe-buffer/-/safe-buffer-5.1.1.tgz#893312af69b2123def71f57889001671eeb2c853"

ultron@~1.1.0:
  version "1.1.1"
  resolved "https://registry.yarnpkg.com/ultron/-/ultron-1.1.1.tgz#9fe1536a10a664a65266a1e3ccf85fd36302bc9c"

ws@^4.0.0:
  version "4.0.0"
  resolved "https://registry.yarnpkg.com/ws/-/ws-4.0.0.tgz#bfe1da4c08eeb9780b986e0e4d10eccd7345999f"
  dependencies:
    async-limiter "~1.0.0"
    safe-buffer "~5.1.0"
    ultron "~1.1.0"
